
Microsoft Visual Studio Solution File, Format Version 12.00
# Visual Studio 2012
Project("{FAE04EC0-301F-11D3-BF4B-00C04F79EFBC}") = "DataAccessLayer", "DataAccessLayer\DataAccessLayer.csproj", "{931E1443-A4B8-465F-9A5D-5180E0813297}"
EndProject
Project("{FAE04EC0-301F-11D3-BF4B-00C04F79EFBC}") = "BusinessLayer", "BusinessLayer\BusinessLayer.csproj", "{FF8D009E-7628-4FFD-8A26-0F985927CD40}"
EndProject
Project("{FAE04EC0-301F-11D3-BF4B-00C04F79EFBC}") = "DataTransferObjectsLayer", "DataTransferObjectsLayer\DataTransferObjectsLayer.csproj", "{A38FF514-5D36-4882-9596-5314DD7E4A4D}"
EndProject
Project("{FAE04EC0-301F-11D3-BF4B-00C04F79EFBC}") = "ASPClientLayer", "ASPClientLayer\ASPClientLayer.csproj", "{469B7CF4-3881-48D6-895F-87B9EA30E2D9}"
EndProject
Global
	GlobalSection(SolutionConfigurationPlatforms) = preSolution
		Debug|Any CPU = Debug|Any CPU
		Release|Any CPU = Release|Any CPU
	EndGlobalSection
	GlobalSection(ProjectConfigurationPlatforms) = postSolution
		{931E1443-A4B8-465F-9A5D-5180E0813297}.Debug|Any CPU.ActiveCfg = Debug|Any CPU
		{931E1443-A4B8-465F-9A5D-5180E0813297}.Debug|Any CPU.Build.0 = Debug|Any CPU
		{931E1443-A4B8-465F-9A5D-5180E0813297}.Release|Any CPU.ActiveCfg = Release|Any CPU
		{931E1443-A4B8-465F-9A5D-5180E0813297}.Release|Any CPU.Build.0 = Release|Any CPU
		{FF8D009E-7628-4FFD-8A26-0F985927CD40}.Debug|Any CPU.ActiveCfg = Debug|Any CPU
		{FF8D009E-7628-4FFD-8A26-0F985927CD40}.Debug|Any CPU.Build.0 = Debug|Any CPU
		{FF8D009E-7628-4FFD-8A26-0F985927CD40}.Release|Any CPU.ActiveCfg = Release|Any CPU
		{FF8D009E-7628-4FFD-8A26-0F985927CD40}.Release|Any CPU.Build.0 = Release|Any CPU
		{A38FF514-5D36-4882-9596-5314DD7E4A4D}.Debug|Any CPU.ActiveCfg = Debug|Any CPU
		{A38FF514-5D36-4882-9596-5314DD7E4A4D}.Debug|Any CPU.Build.0 = Debug|Any CPU
		{A38FF514-5D36-4882-9596-5314DD7E4A4D}.Release|Any CPU.ActiveCfg = Release|Any CPU
		{A38FF514-5D36-4882-9596-5314DD7E4A4D}.Release|Any CPU.Build.0 = Release|Any CPU
		{469B7CF4-3881-48D6-895F-87B9EA30E2D9}.Debug|Any CPU.ActiveCfg = Debug|Any CPU
		{469B7CF4-3881-48D6-895F-87B9EA30E2D9}.Debug|Any CPU.Build.0 = Debug|Any CPU
		{469B7CF4-3881-48D6-895F-87B9EA30E2D9}.Release|Any CPU.ActiveCfg = Release|Any CPU
		{469B7CF4-3881-48D6-895F-87B9EA30E2D9}.Release|Any CPU.Build.0 = Release|Any CPU
	EndGlobalSection
	GlobalSection(SolutionProperties) = preSolution
		HideSolutionNode = FALSE
	EndGlobalSection
EndGlobal
